
Microsoft Visual Studio Solution File, Format Version 12.00
# Visual Studio Version 17
VisualStudioVersion = 17.14.36518.9
MinimumVisualStudioVersion = 10.0.40219.1
Project("{FAE04EC0-301F-11D3-BF4B-00C04F79EFBC}") = "MapOfCafesNearUniversity", "MapOfCafesNearUniversity\MapOfCafesNearUniversity.csproj", "{CAE6E459-6EAF-45FF-AE98-FA58FC6DA6F1}"
EndProject
Project("{FAE04EC0-301F-11D3-BF4B-00C04F79EFBC}") = "MapOfCafesNearUniversity.Tests", "MapOfCafesNearUniversity.Tests\MapOfCafesNearUniversity.Tests.csproj", "{6AD74F15-CABA-4C24-98E1-28DDA847B9ED}"
EndProject
Project("{2150E333-8FDC-42A3-9474-1A3956D46DE8}") = "docs", "docs", "{02EA681E-C7D8-13C7-8484-4AC65E1B71E8}"
EndProject
Project("{2150E333-8FDC-42A3-9474-1A3956D46DE8}") = "api", "api", "{3565FCF8-B2CA-43EE-B711-1FDF6143A035}"
	ProjectSection(SolutionItems) = preProject
		docs\api\swagger.yaml = docs\api\swagger.yaml
	EndProjectSection
EndProject
Global
	GlobalSection(SolutionConfigurationPlatforms) = preSolution
		Debug|Any CPU = Debug|Any CPU
		Release|Any CPU = Release|Any CPU
	EndGlobalSection
	GlobalSection(ProjectConfigurationPlatforms) = postSolution
		{CAE6E459-6EAF-45FF-AE98-FA58FC6DA6F1}.Debug|Any CPU.ActiveCfg = Debug|Any CPU
		{CAE6E459-6EAF-45FF-AE98-FA58FC6DA6F1}.Debug|Any CPU.Build.0 = Debug|Any CPU
		{CAE6E459-6EAF-45FF-AE98-FA58FC6DA6F1}.Release|Any CPU.ActiveCfg = Release|Any CPU
		{CAE6E459-6EAF-45FF-AE98-FA58FC6DA6F1}.Release|Any CPU.Build.0 = Release|Any CPU
		{6AD74F15-CABA-4C24-98E1-28DDA847B9ED}.Debug|Any CPU.ActiveCfg = Debug|Any CPU
		{6AD74F15-CABA-4C24-98E1-28DDA847B9ED}.Debug|Any CPU.Build.0 = Debug|Any CPU
		{6AD74F15-CABA-4C24-98E1-28DDA847B9ED}.Release|Any CPU.ActiveCfg = Release|Any CPU
		{6AD74F15-CABA-4C24-98E1-28DDA847B9ED}.Release|Any CPU.Build.0 = Release|Any CPU
	EndGlobalSection
	GlobalSection(SolutionProperties) = preSolution
		HideSolutionNode = FALSE
	EndGlobalSection
	GlobalSection(NestedProjects) = preSolution
		{3565FCF8-B2CA-43EE-B711-1FDF6143A035} = {02EA681E-C7D8-13C7-8484-4AC65E1B71E8}
	EndGlobalSection
	GlobalSection(ExtensibilityGlobals) = postSolution
		SolutionGuid = {4D742701-303A-4E80-B84A-037531ECC902}
	EndGlobalSection
EndGlobal
